Microsoft Visual Studio Solution File, Format Version 12.00
# Visual Studio Version 17
VisualStudioVersion = 17.13.35806.99
MinimumVisualStudioVersion = 10.0.40219.1
Project("{FAE04EC0-301F-11D3-BF4B-00C04F79EFBC}") = "FormFiller", "FormFiller\FormFiller.csproj", "{0F15B3BC-B67E-4FDA-A0F9-BFDDA0136C06}"
EndProject
Global
	GlobalSection(SolutionConfigurationPlatforms) = preSolution
		Debug|Any CPU = Debug|Any CPU
		Release|Any CPU = Release|Any CPU
	EndGlobalSection
	GlobalSection(ProjectConfigurationPlatforms) = postSolution
		{0F15B3BC-B67E-4FDA-A0F9-BFDDA0136C06}.Debug|Any CPU.ActiveCfg = Debug|Any CPU
		{0F15B3BC-B67E-4FDA-A0F9-BFDDA0136C06}.Debug|Any CPU.Build.0 = Debug|Any CPU
		{0F15B3BC-B67E-4FDA-A0F9-BFDDA0136C06}.Release|Any CPU.ActiveCfg = Release|Any CPU
		{0F15B3BC-B67E-4FDA-A0F9-BFDDA0136C06}.Release|Any CPU.Build.0 = Release|Any CPU
	EndGlobalSection
	GlobalSection(SolutionProperties) = preSolution
		HideSolutionNode = FALSE
	EndGlobalSection
	GlobalSection(ExtensibilityGlobals) = postSolution
		SolutionGuid = {374DA3BE-AAF6-435C-8BA8-5928CBD3A882}
	EndGlobalSection
EndGlobal
